GEM
  remote: https://rubygems.org/
  specs:
    terminal-table (4.0.0)
      unicode-display_width (>= 1.1.1, < 4)
    unicode-display_width (3.2.0)
      unicode-emoji (~> 4.1)
    unicode-emoji (4.2.0)

PLATFORMS
  amd64-linux
  arm64-darwin-20
  x86_64-linux

DEPENDENCIES
  terminal-table

BUNDLED WITH
   2.3.3
